
Microsoft Visual Studio Solution File, Format Version 12.00
# Visual Studio 15
VisualStudioVersion = 15.0.27703.2047
MinimumVisualStudioVersion = 10.0.40219.1
Project("{9A19103F-16F7-4668-BE54-9A1E7A4F7556}") = "Stacks and Queues Exercises", "Stacks and Queues Exercises\Stacks and Queues Exercises.csproj", "{A6E3159B-5948-4717-9BCD-D999BF4A295F}"
EndProject
Project("{9A19103F-16F7-4668-BE54-9A1E7A4F7556}") = "2.Basic Stack Operations", "2.Basic Stack Operations\2.Basic Stack Operations.csproj", "{93DC9D2F-51F1-4874-99F3-C0D262BE3176}"
EndProject
Project("{9A19103F-16F7-4668-BE54-9A1E7A4F7556}") = "3. Maximum Element", "3. Maximum Element\3. Maximum Element.csproj", "{4F14EB20-0989-4269-BDA5-ACF11B784939}"
EndProject
Project("{9A19103F-16F7-4668-BE54-9A1E7A4F7556}") = "4. Basic Queue Operations", "4. Basic Queue Operations\4. Basic Queue Operations.csproj", "{87790579-529F-4B4E-9BFE-471C7CFBE1FF}"
EndProject
Project("{9A19103F-16F7-4668-BE54-9A1E7A4F7556}") = "5. Sequence With Queue", "5. Sequence With Queue\5. Sequence With Queue.csproj", "{153FB56A-34BA-4CC4-8BCA-3B67D50A0BDB}"
EndProject
Project("{9A19103F-16F7-4668-BE54-9A1E7A4F7556}") = "Truck Tour", "Truck Tour\Truck Tour.csproj", "{8884B6DE-A3E0-422B-BE22-9DBC38A7B1C2}"
EndProject
Project("{FAE04EC0-301F-11D3-BF4B-00C04F79EFBC}") = "Balanced Parentheses", "Balanced Parentheses\Balanced Parentheses.csproj", "{4BCB5274-75D3-4778-BE82-0E8330F45AE4}"
EndProject
Project("{FAE04EC0-301F-11D3-BF4B-00C04F79EFBC}") = "Stack Fibonacci", "Stack Fibonacci\Stack Fibonacci.csproj", "{6CD6A553-AFCA-40C9-98F9-CD2AE78E1925}"
EndProject
Project("{FAE04EC0-301F-11D3-BF4B-00C04F79EFBC}") = "Simple Text Editor", "Simple Text Editor\Simple Text Editor.csproj", "{F2F50F29-7201-4BCC-BFBD-19E9B8314086}"
EndProject
Project("{FAE04EC0-301F-11D3-BF4B-00C04F79EFBC}") = "Poisonous Plants", "Poisonous Plants\Poisonous Plants.csproj", "{6E1D74EA-A32F-4F1D-ABB0-5095B25CB4D2}"
EndProject
Global
	GlobalSection(SolutionConfigurationPlatforms) = preSolution
		Debug|Any CPU = Debug|Any CPU
		Release|Any CPU = Release|Any CPU
	EndGlobalSection
	GlobalSection(ProjectConfigurationPlatforms) = postSolution
		{A6E3159B-5948-4717-9BCD-D999BF4A295F}.Debug|Any CPU.ActiveCfg = Debug|Any CPU
		{A6E3159B-5948-4717-9BCD-D999BF4A295F}.Debug|Any CPU.Build.0 = Debug|Any CPU
		{A6E3159B-5948-4717-9BCD-D999BF4A295F}.Release|Any CPU.ActiveCfg = Release|Any CPU
		{A6E3159B-5948-4717-9BCD-D999BF4A295F}.Release|Any CPU.Build.0 = Release|Any CPU
		{93DC9D2F-51F1-4874-99F3-C0D262BE3176}.Debug|Any CPU.ActiveCfg = Debug|Any CPU
		{93DC9D2F-51F1-4874-99F3-C0D262BE3176}.Debug|Any CPU.Build.0 = Debug|Any CPU
		{93DC9D2F-51F1-4874-99F3-C0D262BE3176}.Release|Any CPU.ActiveCfg = Release|Any CPU
		{93DC9D2F-51F1-4874-99F3-C0D262BE3176}.Release|Any CPU.Build.0 = Release|Any CPU
		{4F14EB20-0989-4269-BDA5-ACF11B784939}.Debug|Any CPU.ActiveCfg = Debug|Any CPU
		{4F14EB20-0989-4269-BDA5-ACF11B784939}.Debug|Any CPU.Build.0 = Debug|Any CPU
		{4F14EB20-0989-4269-BDA5-ACF11B784939}.Release|Any CPU.ActiveCfg = Release|Any CPU
		{4F14EB20-0989-4269-BDA5-ACF11B784939}.Release|Any CPU.Build.0 = Release|Any CPU
		{87790579-529F-4B4E-9BFE-471C7CFBE1FF}.Debug|Any CPU.ActiveCfg = Debug|Any CPU
		{87790579-529F-4B4E-9BFE-471C7CFBE1FF}.Debug|Any CPU.Build.0 = Debug|Any CPU
		{87790579-529F-4B4E-9BFE-471C7CFBE1FF}.Release|Any CPU.ActiveCfg = Release|Any CPU
		{87790579-529F-4B4E-9BFE-471C7CFBE1FF}.Release|Any CPU.Build.0 = Release|Any CPU
		{153FB56A-34BA-4CC4-8BCA-3B67D50A0BDB}.Debug|Any CPU.ActiveCfg = Debug|Any CPU
		{153FB56A-34BA-4CC4-8BCA-3B67D50A0BDB}.Debug|Any CPU.Build.0 = Debug|Any CPU
		{153FB56A-34BA-4CC4-8BCA-3B67D50A0BDB}.Release|Any CPU.ActiveCfg = Release|Any CPU
		{153FB56A-34BA-4CC4-8BCA-3B67D50A0BDB}.Release|Any CPU.Build.0 = Release|Any CPU
		{8884B6DE-A3E0-422B-BE22-9DBC38A7B1C2}.Debug|Any CPU.ActiveCfg = Debug|Any CPU
		{8884B6DE-A3E0-422B-BE22-9DBC38A7B1C2}.Debug|Any CPU.Build.0 = Debug|Any CPU
		{8884B6DE-A3E0-422B-BE22-9DBC38A7B1C2}.Release|Any CPU.ActiveCfg = Release|Any CPU
		{8884B6DE-A3E0-422B-BE22-9DBC38A7B1C2}.Release|Any CPU.Build.0 = Release|Any CPU
		{4BCB5274-75D3-4778-BE82-0E8330F45AE4}.Debug|Any CPU.ActiveCfg = Debug|Any CPU
		{4BCB5274-75D3-4778-BE82-0E8330F45AE4}.Debug|Any CPU.Build.0 = Debug|Any CPU
		{4BCB5274-75D3-4778-BE82-0E8330F45AE4}.Release|Any CPU.ActiveCfg = Release|Any CPU
		{4BCB5274-75D3-4778-BE82-0E8330F45AE4}.Release|Any CPU.Build.0 = Release|Any CPU
		{6CD6A553-AFCA-40C9-98F9-CD2AE78E1925}.Debug|Any CPU.ActiveCfg = Debug|Any CPU
		{6CD6A553-AFCA-40C9-98F9-CD2AE78E1925}.Debug|Any CPU.Build.0 = Debug|Any CPU
		{6CD6A553-AFCA-40C9-98F9-CD2AE78E1925}.Release|Any CPU.ActiveCfg = Release|Any CPU
		{6CD6A553-AFCA-40C9-98F9-CD2AE78E1925}.Release|Any CPU.Build.0 = Release|Any CPU
		{F2F50F29-7201-4BCC-BFBD-19E9B8314086}.Debug|Any CPU.ActiveCfg = Debug|Any CPU
		{F2F50F29-7201-4BCC-BFBD-19E9B8314086}.Debug|Any CPU.Build.0 = Debug|Any CPU
		{F2F50F29-7201-4BCC-BFBD-19E9B8314086}.Release|Any CPU.ActiveCfg = Release|Any CPU
		{F2F50F29-7201-4BCC-BFBD-19E9B8314086}.Release|Any CPU.Build.0 = Release|Any CPU
		{6E1D74EA-A32F-4F1D-ABB0-5095B25CB4D2}.Debug|Any CPU.ActiveCfg = Debug|Any CPU
		{6E1D74EA-A32F-4F1D-ABB0-5095B25CB4D2}.Debug|Any CPU.Build.0 = Debug|Any CPU
		{6E1D74EA-A32F-4F1D-ABB0-5095B25CB4D2}.Release|Any CPU.ActiveCfg = Release|Any CPU
		{6E1D74EA-A32F-4F1D-ABB0-5095B25CB4D2}.Release|Any CPU.Build.0 = Release|Any CPU
	EndGlobalSection
	GlobalSection(SolutionProperties) = preSolution
		HideSolutionNode = FALSE
	EndGlobalSection
	GlobalSection(ExtensibilityGlobals) = postSolution
		SolutionGuid = {02E34313-008B-452C-83A8-A9E409605172}
	EndGlobalSection
EndGlobal
