
Microsoft Visual Studio Solution File, Format Version 12.00
# Visual Studio 15
VisualStudioVersion = 15.0.27703.2047
MinimumVisualStudioVersion = 10.0.40219.1
Project("{FAE04EC0-301F-11D3-BF4B-00C04F79EFBC}") = "Stacks and Queues LAB", "Stacks and Queues LAB\Stacks and Queues LAB.csproj", "{DE3EF2DE-1600-4281-9CBF-96FA6120C60A}"
EndProject
Project("{FAE04EC0-301F-11D3-BF4B-00C04F79EFBC}") = "2. Simple Calculator", "2. Simple Calculator\2. Simple Calculator.csproj", "{15E99DCC-FE9D-46DD-A5A8-D80B16B28668}"
EndProject
Project("{FAE04EC0-301F-11D3-BF4B-00C04F79EFBC}") = "3. Decimal to Binary Converter", "3. Decimal to Binary Converter\3. Decimal to Binary Converter.csproj", "{40A6110C-CE8A-4F61-BAEA-E9731A656942}"
EndProject
Project("{FAE04EC0-301F-11D3-BF4B-00C04F79EFBC}") = "4. Matching Brackets", "4. Matching Brackets\4. Matching Brackets.csproj", "{6F5F2725-C3CA-4322-8876-03A28CF354A7}"
EndProject
Project("{FAE04EC0-301F-11D3-BF4B-00C04F79EFBC}") = "5. Hot Potato", "5. Hot Potato\5. Hot Potato.csproj", "{698143A5-F63C-4543-9390-923CFFE0843F}"
EndProject
Project("{FAE04EC0-301F-11D3-BF4B-00C04F79EFBC}") = "6. Traffic Jam", "6. Traffic Jam\6. Traffic Jam.csproj", "{DDB10C90-0285-4AF5-A293-6AAD848B053F}"
EndProject
Global
	GlobalSection(SolutionConfigurationPlatforms) = preSolution
		Debug|Any CPU = Debug|Any CPU
		Release|Any CPU = Release|Any CPU
	EndGlobalSection
	GlobalSection(ProjectConfigurationPlatforms) = postSolution
		{DE3EF2DE-1600-4281-9CBF-96FA6120C60A}.Debug|Any CPU.ActiveCfg = Debug|Any CPU
		{DE3EF2DE-1600-4281-9CBF-96FA6120C60A}.Debug|Any CPU.Build.0 = Debug|Any CPU
		{DE3EF2DE-1600-4281-9CBF-96FA6120C60A}.Release|Any CPU.ActiveCfg = Release|Any CPU
		{DE3EF2DE-1600-4281-9CBF-96FA6120C60A}.Release|Any CPU.Build.0 = Release|Any CPU
		{15E99DCC-FE9D-46DD-A5A8-D80B16B28668}.Debug|Any CPU.ActiveCfg = Debug|Any CPU
		{15E99DCC-FE9D-46DD-A5A8-D80B16B28668}.Debug|Any CPU.Build.0 = Debug|Any CPU
		{15E99DCC-FE9D-46DD-A5A8-D80B16B28668}.Release|Any CPU.ActiveCfg = Release|Any CPU
		{15E99DCC-FE9D-46DD-A5A8-D80B16B28668}.Release|Any CPU.Build.0 = Release|Any CPU
		{40A6110C-CE8A-4F61-BAEA-E9731A656942}.Debug|Any CPU.ActiveCfg = Debug|Any CPU
		{40A6110C-CE8A-4F61-BAEA-E9731A656942}.Debug|Any CPU.Build.0 = Debug|Any CPU
		{40A6110C-CE8A-4F61-BAEA-E9731A656942}.Release|Any CPU.ActiveCfg = Release|Any CPU
		{40A6110C-CE8A-4F61-BAEA-E9731A656942}.Release|Any CPU.Build.0 = Release|Any CPU
		{6F5F2725-C3CA-4322-8876-03A28CF354A7}.Debug|Any CPU.ActiveCfg = Debug|Any CPU
		{6F5F2725-C3CA-4322-8876-03A28CF354A7}.Debug|Any CPU.Build.0 = Debug|Any CPU
		{6F5F2725-C3CA-4322-8876-03A28CF354A7}.Release|Any CPU.ActiveCfg = Release|Any CPU
		{6F5F2725-C3CA-4322-8876-03A28CF354A7}.Release|Any CPU.Build.0 = Release|Any CPU
		{698143A5-F63C-4543-9390-923CFFE0843F}.Debug|Any CPU.ActiveCfg = Debug|Any CPU
		{698143A5-F63C-4543-9390-923CFFE0843F}.Debug|Any CPU.Build.0 = Debug|Any CPU
		{698143A5-F63C-4543-9390-923CFFE0843F}.Release|Any CPU.ActiveCfg = Release|Any CPU
		{698143A5-F63C-4543-9390-923CFFE0843F}.Release|Any CPU.Build.0 = Release|Any CPU
		{DDB10C90-0285-4AF5-A293-6AAD848B053F}.Debug|Any CPU.ActiveCfg = Debug|Any CPU
		{DDB10C90-0285-4AF5-A293-6AAD848B053F}.Debug|Any CPU.Build.0 = Debug|Any CPU
		{DDB10C90-0285-4AF5-A293-6AAD848B053F}.Release|Any CPU.ActiveCfg = Release|Any CPU
		{DDB10C90-0285-4AF5-A293-6AAD848B053F}.Release|Any CPU.Build.0 = Release|Any CPU
	EndGlobalSection
	GlobalSection(SolutionProperties) = preSolution
		HideSolutionNode = FALSE
	EndGlobalSection
	GlobalSection(ExtensibilityGlobals) = postSolution
		SolutionGuid = {5E783721-FEA7-4859-B55D-EC91EBD013ED}
	EndGlobalSection
EndGlobal
