
Microsoft Visual Studio Solution File, Format Version 12.00
# Visual Studio 15
VisualStudioVersion = 15.0.28010.2036
MinimumVisualStudioVersion = 10.0.40219.1
Project("{9A19103F-16F7-4668-BE54-9A1E7A4F7556}") = "Unique Usernames", "Sets and Dictionaries Exercises\Unique Usernames.csproj", "{E805FB21-CC59-4173-9D22-1915F13F6643}"
EndProject
Project("{9A19103F-16F7-4668-BE54-9A1E7A4F7556}") = "Sets of Elements", "Sets of Elements\Sets of Elements.csproj", "{94092213-E6FF-48BE-98EC-E71CF29C5712}"
EndProject
Project("{9A19103F-16F7-4668-BE54-9A1E7A4F7556}") = "Even Times", "Even Times\Even Times.csproj", "{5F8EAFA1-B949-4B36-B751-5582A91F86E0}"
EndProject
Project("{9A19103F-16F7-4668-BE54-9A1E7A4F7556}") = "Periodic Table", "Periodic Table\Periodic Table.csproj", "{9995B21B-EC71-4B0A-AB8B-26EEAABB205E}"
EndProject
Project("{9A19103F-16F7-4668-BE54-9A1E7A4F7556}") = "Count Symbols", "Count Symbols\Count Symbols.csproj", "{C540C1ED-E53B-4906-9CA2-797A702D54E4}"
EndProject
Project("{9A19103F-16F7-4668-BE54-9A1E7A4F7556}") = "Wardrobe", "Wardrobe\Wardrobe.csproj", "{736F5412-4E6A-4EC0-919A-0924ADBB5833}"
EndProject
Project("{FAE04EC0-301F-11D3-BF4B-00C04F79EFBC}") = "TheVLogger", "TheVLogger\TheVLogger.csproj", "{23601C71-329D-4158-91CC-3905F56E13F6}"
EndProject
Global
	GlobalSection(SolutionConfigurationPlatforms) = preSolution
		Debug|Any CPU = Debug|Any CPU
		Release|Any CPU = Release|Any CPU
	EndGlobalSection
	GlobalSection(ProjectConfigurationPlatforms) = postSolution
		{E805FB21-CC59-4173-9D22-1915F13F6643}.Debug|Any CPU.ActiveCfg = Debug|Any CPU
		{E805FB21-CC59-4173-9D22-1915F13F6643}.Debug|Any CPU.Build.0 = Debug|Any CPU
		{E805FB21-CC59-4173-9D22-1915F13F6643}.Release|Any CPU.ActiveCfg = Release|Any CPU
		{E805FB21-CC59-4173-9D22-1915F13F6643}.Release|Any CPU.Build.0 = Release|Any CPU
		{94092213-E6FF-48BE-98EC-E71CF29C5712}.Debug|Any CPU.ActiveCfg = Debug|Any CPU
		{94092213-E6FF-48BE-98EC-E71CF29C5712}.Debug|Any CPU.Build.0 = Debug|Any CPU
		{94092213-E6FF-48BE-98EC-E71CF29C5712}.Release|Any CPU.ActiveCfg = Release|Any CPU
		{94092213-E6FF-48BE-98EC-E71CF29C5712}.Release|Any CPU.Build.0 = Release|Any CPU
		{5F8EAFA1-B949-4B36-B751-5582A91F86E0}.Debug|Any CPU.ActiveCfg = Debug|Any CPU
		{5F8EAFA1-B949-4B36-B751-5582A91F86E0}.Debug|Any CPU.Build.0 = Debug|Any CPU
		{5F8EAFA1-B949-4B36-B751-5582A91F86E0}.Release|Any CPU.ActiveCfg = Release|Any CPU
		{5F8EAFA1-B949-4B36-B751-5582A91F86E0}.Release|Any CPU.Build.0 = Release|Any CPU
		{9995B21B-EC71-4B0A-AB8B-26EEAABB205E}.Debug|Any CPU.ActiveCfg = Debug|Any CPU
		{9995B21B-EC71-4B0A-AB8B-26EEAABB205E}.Debug|Any CPU.Build.0 = Debug|Any CPU
		{9995B21B-EC71-4B0A-AB8B-26EEAABB205E}.Release|Any CPU.ActiveCfg = Release|Any CPU
		{9995B21B-EC71-4B0A-AB8B-26EEAABB205E}.Release|Any CPU.Build.0 = Release|Any CPU
		{C540C1ED-E53B-4906-9CA2-797A702D54E4}.Debug|Any CPU.ActiveCfg = Debug|Any CPU
		{C540C1ED-E53B-4906-9CA2-797A702D54E4}.Debug|Any CPU.Build.0 = Debug|Any CPU
		{C540C1ED-E53B-4906-9CA2-797A702D54E4}.Release|Any CPU.ActiveCfg = Release|Any CPU
		{C540C1ED-E53B-4906-9CA2-797A702D54E4}.Release|Any CPU.Build.0 = Release|Any CPU
		{736F5412-4E6A-4EC0-919A-0924ADBB5833}.Debug|Any CPU.ActiveCfg = Debug|Any CPU
		{736F5412-4E6A-4EC0-919A-0924ADBB5833}.Debug|Any CPU.Build.0 = Debug|Any CPU
		{736F5412-4E6A-4EC0-919A-0924ADBB5833}.Release|Any CPU.ActiveCfg = Release|Any CPU
		{736F5412-4E6A-4EC0-919A-0924ADBB5833}.Release|Any CPU.Build.0 = Release|Any CPU
		{23601C71-329D-4158-91CC-3905F56E13F6}.Debug|Any CPU.ActiveCfg = Debug|Any CPU
		{23601C71-329D-4158-91CC-3905F56E13F6}.Debug|Any CPU.Build.0 = Debug|Any CPU
		{23601C71-329D-4158-91CC-3905F56E13F6}.Release|Any CPU.ActiveCfg = Release|Any CPU
		{23601C71-329D-4158-91CC-3905F56E13F6}.Release|Any CPU.Build.0 = Release|Any CPU
	EndGlobalSection
	GlobalSection(SolutionProperties) = preSolution
		HideSolutionNode = FALSE
	EndGlobalSection
	GlobalSection(ExtensibilityGlobals) = postSolution
		SolutionGuid = {C2AFDE99-38CA-465B-B2C9-C7C926B78056}
	EndGlobalSection
EndGlobal
